# This file is automatically generated by wit.
# It is not intended for manual editing.
version = 1

[[package]]
name = "wasi:cli"

[[package.version]]
requirement = "^0.2.0"
version = "0.2.0"
digest = "sha256:e7e85458e11caf76554b724ebf4f113259decf0f3b1ee2e2930de096f72114a7"

[[package]]
name = "wasi:clocks"

[[package.version]]
requirement = "^0.2.0"
version = "0.2.0"
digest = "sha256:51911098e929732f65d1d84f8dc393299f18a9e8de632d854714f37142efe97b"

[[package]]
name = "wasi:filesystem"

[[package.version]]
requirement = "^0.2.0"
version = "0.2.0"
digest = "sha256:39c6e0f5618a6b6c8bdf5c39035a048f666c0ed5f44fe04ed172f010ab0c36d4"

[[package]]
name = "wasi:http"

[[package.version]]
requirement = "^0.2.0"
version = "0.2.0"
digest = "sha256:5a568e6e2d60c1ce51220e1833cdd5b88db9f615720edc762a9b4a6f36b383bd"

[[package]]
name = "wasi:io"

[[package.version]]
requirement = "^0.2.0"
version = "0.2.0"
digest = "sha256:704a0d7360e4577af94ccb6c2b11df914cc63539861d3f3b72225cb1b669a4a2"
